
Microsoft Visual Studio Solution File, Format Version 12.00
# Visual Studio Version 17
VisualStudioVersion = 17.1.32421.90
MinimumVisualStudioVersion = 10.0.40219.1
Project("{2150E333-8FDC-42A3-9474-1A3956D46DE8}") = "Models", "Models", "{1FC162E0-D013-4908-A165-00A617D53388}"
EndProject
Project("{2150E333-8FDC-42A3-9474-1A3956D46DE8}") = "Services", "Services", "{3AC35D40-9671-4226-BBCF-E0835CEF6E4B}"
EndProject
Project("{2150E333-8FDC-42A3-9474-1A3956D46DE8}") = "MSCPayment", "MSCPayment", "{69A2E70E-8829-4527-9129-1D7B8485E8E2}"
EndProject
Project("{2150E333-8FDC-42A3-9474-1A3956D46DE8}") = "TravelCredit", "TravelCredit", "{3362FE72-399C-458B-9316-0DFC0F681A63}"
EndProject
Project("{2150E333-8FDC-42A3-9474-1A3956D46DE8}") = "Payment", "Payment", "{BC35A2AF-146E-45FB-9064-4F9ABB60C526}"
EndProject
Project("{9A19103F-16F7-4668-BE54-9A1E7A4F7556}") = "United.Mobile.Payment.Api", "src\Services\MSCPayment\Payment\United.Mobile.Payment.Api\United.Mobile.Payment.Api.csproj", "{7F7C39D4-0F36-4CB9-8AD3-3C482108C1B9}"
EndProject
Project("{9A19103F-16F7-4668-BE54-9A1E7A4F7556}") = "United.Mobile.TravelCredit.Api", "src\Services\MSCPayment\TravelCredit\United.Mobile.TravelCredit.Api\United.Mobile.TravelCredit.Api.csproj", "{59AD2E65-C0E0-4DA6-A652-47D19B6CAECB}"
EndProject
Project("{2150E333-8FDC-42A3-9474-1A3956D46DE8}") = "Core", "Core", "{D8A04403-681D-414A-8154-C511B09E90C1}"
EndProject
Project("{2150E333-8FDC-42A3-9474-1A3956D46DE8}") = "DataAccess", "DataAccess", "{ABB73858-F8F5-45F0-BD9B-CEE70B35D68A}"
EndProject
Project("{9A19103F-16F7-4668-BE54-9A1E7A4F7556}") = "Serilog.Sinks.Kafka", "src\Core\Serilog.Sinks.Kafka\Serilog.Sinks.Kafka.csproj", "{E5D512BF-84A1-4978-98EA-AA42E90DB86F}"
EndProject
Project("{9A19103F-16F7-4668-BE54-9A1E7A4F7556}") = "United.Ebs.Logging", "src\Core\United.Ebs.Logging\United.Ebs.Logging.csproj", "{6F241B1B-1367-46CE-8461-8AA2CCAAED5E}"
EndProject
Project("{9A19103F-16F7-4668-BE54-9A1E7A4F7556}") = "United.Utility", "src\Core\United.Utility\United.Utility.csproj", "{9C79643D-AE2E-46C5-9B78-A9DF72E4FFF3}"
EndProject
Project("{9A19103F-16F7-4668-BE54-9A1E7A4F7556}") = "United.Utility.Middleware", "src\Core\United.Utility.Middleware\United.Utility.Middleware.csproj", "{77F84093-15C5-4734-A6CC-6219C9875410}"
EndProject
Project("{9A19103F-16F7-4668-BE54-9A1E7A4F7556}") = "United.Mobile.Model.Common", "src\Models\United.Mobile.Model.Common\United.Mobile.Model.Common.csproj", "{BA1A0216-D980-40F7-BAD8-41B120C85D2C}"
EndProject
Project("{2150E333-8FDC-42A3-9474-1A3956D46DE8}") = "MSCPayment", "MSCPayment", "{9F458432-A74A-43E6-8E79-3CAFFA8D0928}"
EndProject
Project("{2150E333-8FDC-42A3-9474-1A3956D46DE8}") = "Ancillary", "Ancillary", "{ABEBDD35-5EDD-441D-A8D2-75DD74BC0A86}"
EndProject
Project("{9A19103F-16F7-4668-BE54-9A1E7A4F7556}") = "United.Mobile.DataAccess.MSCPayment", "src\DataAccess\MSCPayment\United.Mobile.DataAccess.MSCPayment\United.Mobile.DataAccess.MSCPayment.csproj", "{875E1F4C-09E5-4F92-A2EE-15C3ED23132E}"
EndProject
Project("{9A19103F-16F7-4668-BE54-9A1E7A4F7556}") = "United.Mobile.DataAccess.Product", "src\DataAccess\Ancillary\United.Mobile.DataAccess.Ancillary\United.Mobile.DataAccess.Product.csproj", "{51154FC0-35D4-4E80-97E1-F241A99362BA}"
EndProject
Project("{9A19103F-16F7-4668-BE54-9A1E7A4F7556}") = "United.Mobile.Model.MSC", "src\Models\United.Mobile.Model.MSC\United.Mobile.Model.MSC.csproj", "{C0D38A7D-3449-4013-9472-C05DC548882E}"
EndProject
Project("{2150E333-8FDC-42A3-9474-1A3956D46DE8}") = "Ancillary", "Ancillary", "{E20C65F4-7635-473F-A58C-3999D09229E1}"
EndProject
Project("{2150E333-8FDC-42A3-9474-1A3956D46DE8}") = "Product", "Product", "{C1B8C6A0-ECF8-487C-8D8C-CCD138781110}"
EndProject
Project("{9A19103F-16F7-4668-BE54-9A1E7A4F7556}") = "United.Mobile.Product.Api", "src\Services\Ancillary\Product\United.Mobile.Product.Api\United.Mobile.Product.Api.csproj", "{F9EB0492-A17E-4A67-8CC1-48A6ED261D77}"
EndProject
Project("{2150E333-8FDC-42A3-9474-1A3956D46DE8}") = "Common", "Common", "{74BE25DC-08AF-48F7-AA5B-8B5EBDA6D345}"
EndProject
Project("{9A19103F-16F7-4668-BE54-9A1E7A4F7556}") = "United.Common.Helper.MSCPayment", "src\Core\Common\United.Common.Helper.MSCPayment\United.Common.Helper.MSCPayment.csproj", "{44BA673E-07B5-427E-93E2-5531D7272B40}"
EndProject
Project("{9A19103F-16F7-4668-BE54-9A1E7A4F7556}") = "United.Common.Helper.Product", "src\Core\Common\United.Common.Helper.Product\United.Common.Helper.Product.csproj", "{015F9CEE-3FDA-492A-8269-7629724A47DD}"
EndProject
Project("{9A19103F-16F7-4668-BE54-9A1E7A4F7556}") = "United.Mobile.DataAccess.Common", "src\DataAccess\United.Mobile.DataAccess.Common\United.Mobile.DataAccess.Common.csproj", "{A4C440AD-1E1B-48C6-AFEA-36765FE76F21}"
EndProject
Project("{9A19103F-16F7-4668-BE54-9A1E7A4F7556}") = "United.Common.Helper", "src\Core\United.Common.Helper\United.Common.Helper.csproj", "{19EFD74A-2C29-48CE-82D2-065F3BA64710}"
EndProject
Project("{9A19103F-16F7-4668-BE54-9A1E7A4F7556}") = "United.Mobile.DataAccess.DynamoDB", "src\DataAccess\United.Mobile.DataAccess.DynamoDB\United.Mobile.DataAccess.DynamoDB.csproj", "{4F658851-1D0A-42BE-962A-C9EA479C5283}"
EndProject
Project("{9A19103F-16F7-4668-BE54-9A1E7A4F7556}") = "United.Mobile.Product.Domain", "src\Services\Ancillary\Product\United.Mobile.Product.Domain\United.Mobile.Product.Domain.csproj", "{8522D40D-E46F-4B83-AB47-84FA62471D1A}"
EndProject
Project("{9A19103F-16F7-4668-BE54-9A1E7A4F7556}") = "United.Mobile.TravelCredit.Domain", "src\Services\MSCPayment\TravelCredit\United.Mobile.TravelCredit.Domain\United.Mobile.TravelCredit.Domain.csproj", "{B1152503-ADF2-4036-A278-A67A59A1D1B5}"
EndProject
Project("{2150E333-8FDC-42A3-9474-1A3956D46DE8}") = "ETC", "ETC", "{10E120BB-6E06-43DE-871C-D716BC4C77F7}"
EndProject
Project("{9A19103F-16F7-4668-BE54-9A1E7A4F7556}") = "United.Mobile.ETC.Api", "src\Services\MSCPayment\ETC\United.Mobile.ETC.Api\United.Mobile.ETC.Api.csproj", "{EC1485F5-E5BF-47FB-A9D1-CEABD2A199E2}"
EndProject
Project("{9A19103F-16F7-4668-BE54-9A1E7A4F7556}") = "United.Mobile.ETC.Business", "src\Services\MSCPayment\ETC\United.Mobile.ETC.Business\United.Mobile.ETC.Business.csproj", "{09F40DD1-F737-4E87-A2AA-6E4F43F59603}"
EndProject
Project("{9A19103F-16F7-4668-BE54-9A1E7A4F7556}") = "United.Mobile.Payment.Domain", "src\Services\MSCPayment\Payment\United.Mobile.Payment.Domain\United.Mobile.Payment.Domain.csproj", "{5D77C920-7E0A-4C94-B468-D053D8B6BB68}"
EndProject
Project("{2150E333-8FDC-42A3-9474-1A3956D46DE8}") = "InFlightPurchase", "InFlightPurchase", "{3A273123-EBA2-4E9A-960C-C2F938C4089F}"
EndProject
Project("{9A19103F-16F7-4668-BE54-9A1E7A4F7556}") = "United.Mobile.InFlightPurchase.Api", "src\Services\MSCPayment\InFlightPurchase\United.Mobile.InFlightPurchase.Api\United.Mobile.InFlightPurchase.Api.csproj", "{4ABEF47A-D669-469E-A9CA-7C9E6788F991}"
EndProject
Project("{9A19103F-16F7-4668-BE54-9A1E7A4F7556}") = "United.Mobile.InFlightPurchase.Domain", "src\Services\MSCPayment\InFlightPurchase\United.Mobile.InFlightPurchase.Domain\United.Mobile.InFlightPurchase.Domain.csproj", "{BACA9C5E-2F2B-427E-AEE9-D71083A6F879}"
EndProject
Project("{2150E333-8FDC-42A3-9474-1A3956D46DE8}") = "PromoCode", "PromoCode", "{E0749118-AF42-488C-9C06-378DAE157356}"
EndProject
Project("{9A19103F-16F7-4668-BE54-9A1E7A4F7556}") = "United.Mobile.PromoCode.Api", "src\Services\MSCPayment\PromoCode\United.Mobile.PromoCode.Api\United.Mobile.PromoCode.Api.csproj", "{07AF22DC-5081-4461-AF2D-52EB467AE231}"
EndProject
Project("{9A19103F-16F7-4668-BE54-9A1E7A4F7556}") = "United.Mobile.PromoCode.Domain", "src\Services\MSCPayment\PromoCode\United.Mobile.PromoCode.Domain\United.Mobile.PromoCode.Domain.csproj", "{E3FF7F66-0FBB-4D8D-82B3-E6F9825E5FCA}"
EndProject
Project("{2150E333-8FDC-42A3-9474-1A3956D46DE8}") = "MSCCheckOut", "MSCCheckOut", "{EBACFB7E-B83A-4946-A37F-8367DA7BBC0F}"
EndProject
Project("{9A19103F-16F7-4668-BE54-9A1E7A4F7556}") = "United.Mobile.MSCCheckOut.Domain", "src\Services\MSCPayment\MSCCheckOut\United.Mobile.MSCCheckOut.Domain\United.Mobile.MSCCheckOut.Domain.csproj", "{6EA18E5B-A855-421A-B000-6663D15D9A26}"
EndProject
Project("{9A19103F-16F7-4668-BE54-9A1E7A4F7556}") = "United.Mobile.MSCCheckOut.Api", "src\Services\MSCPayment\MSCCheckOut\United.Mobile.MSCCheckOut.Api\United.Mobile.MSCCheckOut.Api.csproj", "{DF0C136A-9AD4-4368-B22E-115137366EE8}"
EndProject
Project("{2150E333-8FDC-42A3-9474-1A3956D46DE8}") = "MoneyPlusMiles", "MoneyPlusMiles", "{0944E6D4-F611-4C8A-A98B-74B3C8FB2875}"
EndProject
Project("{9A19103F-16F7-4668-BE54-9A1E7A4F7556}") = "United.Mobile.MoneyPlusMiles.Domain", "src\Services\MSCPayment\MoneyPlusMiles\United.Mobile.MoneyPlusMiles.Domain\United.Mobile.MoneyPlusMiles.Domain.csproj", "{C24518DD-09C1-4E95-97E9-979E207B9F9A}"
EndProject
Project("{9A19103F-16F7-4668-BE54-9A1E7A4F7556}") = "United.Mobile.MoneyPlusMiles.Api", "src\Services\MSCPayment\MoneyPlusMiles\United.Mobile.MoneyPlusMiles.Api\United.Mobile.MoneyPlusMiles.Api.csproj", "{F81FE11B-83CA-46DF-AD60-2A5AEB462CA5}"
EndProject
Project("{9A19103F-16F7-4668-BE54-9A1E7A4F7556}") = "United.DataAccess.MerchandizeService", "src\DataAccess\United.DataAccess.MerchandizeService\United.DataAccess.MerchandizeService.csproj", "{72734F41-FD20-4F02-9989-6294E7F15022}"
EndProject
Project("{2150E333-8FDC-42A3-9474-1A3956D46DE8}") = "MSCRegister", "MSCRegister", "{0DD20328-9945-48FD-9ED9-6E2A26B6F705}"
EndProject
Project("{9A19103F-16F7-4668-BE54-9A1E7A4F7556}") = "United.Mobile.Services.RegisterOffers.Api", "src\Services\MSCPayment\MSCRegister\United.Mobile.Services.RegisterOffers.Api\United.Mobile.Services.RegisterOffers.Api.csproj", "{7D0CF52F-EDA2-4E2A-9630-9E2C0D1CC126}"
EndProject
Project("{9A19103F-16F7-4668-BE54-9A1E7A4F7556}") = "United.Mobile.Services.RegisterOffers.Domain", "src\Services\MSCPayment\MSCRegister\United.Mobile.Services.RegisterOffers.Domain\United.Mobile.Services.RegisterOffers.Domain.csproj", "{8D2B8713-E444-491F-A8EE-B8952CFB0EC1}"
EndProject
Project("{2150E333-8FDC-42A3-9474-1A3956D46DE8}") = "Test", "Test", "{8B62387B-DCF5-4C5D-AEF2-0AB2936533F1}"
EndProject
Project("{2150E333-8FDC-42A3-9474-1A3956D46DE8}") = "ProductTest", "ProductTest", "{B6068826-5AED-410F-8E01-2521726277A7}"
EndProject
Project("{9A19103F-16F7-4668-BE54-9A1E7A4F7556}") = "United.Mobile.Test.Product.Api.Test", "src\Test\ProductTest\United.Mobile.Test.Product.Api.Test\United.Mobile.Test.Product.Api.Test.csproj", "{0C590AB5-F8E1-408F-8DAE-364FF01B0764}"
EndProject
Project("{2150E333-8FDC-42A3-9474-1A3956D46DE8}") = "MSCPaymentTest", "MSCPaymentTest", "{2BD49E31-43C3-413E-A5CA-7FDABE881BFD}"
EndProject
Project("{2150E333-8FDC-42A3-9474-1A3956D46DE8}") = "MoneyPlusMilesTests", "MoneyPlusMilesTests", "{C1F22C76-6E4F-46EF-A086-18484A875036}"
EndProject
Project("{9A19103F-16F7-4668-BE54-9A1E7A4F7556}") = "United.Mobile.MoneyPlusMiles.Api.Tests", "src\Test\MSCPaymentTest\MoneyPlusMilesTests\United.Mobile.MoneyPlusMiles.Api.Tests\United.Mobile.MoneyPlusMiles.Api.Tests.csproj", "{F77A0CA2-B9D3-498C-BE5E-F52AA9CC4BD3}"
EndProject
Project("{2150E333-8FDC-42A3-9474-1A3956D46DE8}") = "PaymentTests", "PaymentTests", "{FC187A9D-70E1-454B-9C22-44571F22518E}"
EndProject
Project("{9A19103F-16F7-4668-BE54-9A1E7A4F7556}") = "United.Mobile.Test.Payment.Api.Tests", "src\Test\MSCPaymentTest\PaymentTests\United.Mobile.Test.Payment.Api.Tests\United.Mobile.Test.Payment.Api.Tests.csproj", "{821A013D-927B-4DA3-90C9-68B95D52EA27}"
EndProject
Project("{2150E333-8FDC-42A3-9474-1A3956D46DE8}") = "MSCRegisterTests", "MSCRegisterTests", "{4CEB9812-89FC-439A-9CC1-C62190CD7F14}"
EndProject
Project("{9A19103F-16F7-4668-BE54-9A1E7A4F7556}") = "United.Mobile.Test.MSCRegister.Api.Tests", "src\Test\MSCPaymentTest\MSCRegisterTests\United.Mobile.Test.MSCRegister.Api.Tests\United.Mobile.Test.MSCRegister.Api.Tests.csproj", "{FCB519E4-E40A-45EE-A69D-1FE7EEB4C39D}"
EndProject
Project("{2150E333-8FDC-42A3-9474-1A3956D46DE8}") = "PromoCodeTests", "PromoCodeTests", "{CD48D5F3-0816-4169-873A-40FDB9736770}"
EndProject
Project("{9A19103F-16F7-4668-BE54-9A1E7A4F7556}") = "United.Mobile.Test.PromoCode.Api.Tests", "src\Test\MSCPaymentTest\PromoCodeTests\United.Mobile.Test.PromoCode.Api.Tests\United.Mobile.Test.PromoCode.Api.Tests.csproj", "{532CAD48-C8DF-424D-86F1-571BA95FA47E}"
EndProject
Project("{2150E333-8FDC-42A3-9474-1A3956D46DE8}") = "TravelCreditTests", "TravelCreditTests", "{6BFDBDEF-61F1-44F2-8C0E-29DE883B4800}"
EndProject
Project("{9A19103F-16F7-4668-BE54-9A1E7A4F7556}") = "United.Mobile.Test.TravelCredit.Api.Tests", "src\Test\MSCPaymentTest\TravelCreditTests\United.Mobile.Test.TravelCredit.Api.Tests\United.Mobile.Test.TravelCredit.Api.Tests.csproj", "{AB41D38D-8AE5-4757-BE35-272DD32FD9FE}"
EndProject
Project("{2150E333-8FDC-42A3-9474-1A3956D46DE8}") = "ETCTests", "ETCTests", "{112694C1-C3B7-4CDB-BF4E-DC1E1FDD63D8}"
EndProject
Project("{2150E333-8FDC-42A3-9474-1A3956D46DE8}") = "InFlightPurchaseTests", "InFlightPurchaseTests", "{D95B3A3B-5D31-49D1-9E34-F4551A78FA01}"
EndProject
Project("{9A19103F-16F7-4668-BE54-9A1E7A4F7556}") = "United.Mobile.Test.InFlightPurchase.Api.Tests", "src\Test\MSCPaymentTest\InFlightPurchaseTests\United.Mobile.Test.InFlightPurchase.Api.Tests\United.Mobile.Test.InFlightPurchase.Api.Tests.csproj", "{AB031B5B-15C0-4BA9-B9D4-B92C840E19EF}"
EndProject
Project("{2150E333-8FDC-42A3-9474-1A3956D46DE8}") = "MSCCheckOutTests", "MSCCheckOutTests", "{6AC3B290-978D-4497-91FF-9870757481E3}"
EndProject
Project("{9A19103F-16F7-4668-BE54-9A1E7A4F7556}") = "United.Mobile.Test.MSCCheckOut.Api.Tests", "src\Test\MSCPaymentTest\MSCCheckOutTests\United.Mobile.Test.MSCCheckOut.Api.Tests\United.Mobile.Test.MSCCheckOut.Api.Tests.csproj", "{1FD401DA-CD83-4F66-AD89-C73CC23912C0}"
EndProject
Project("{9A19103F-16F7-4668-BE54-9A1E7A4F7556}") = "United.Mobile.Test.ETC.Api.Tests", "src\Test\MSCPaymentTest\ETCTests\United.Mobile.Test.ETC.Api.Tests\United.Mobile.Test.ETC.Api.Tests.csproj", "{C1F3A3EE-E1FF-4E0F-984A-77672310ABB3}"
EndProject
Global
	GlobalSection(SolutionConfigurationPlatforms) = preSolution
		Debug|Any CPU = Debug|Any CPU
		Release|Any CPU = Release|Any CPU
	EndGlobalSection
	GlobalSection(ProjectConfigurationPlatforms) = postSolution
		{7F7C39D4-0F36-4CB9-8AD3-3C482108C1B9}.Debug|Any CPU.ActiveCfg = Debug|Any CPU
		{7F7C39D4-0F36-4CB9-8AD3-3C482108C1B9}.Debug|Any CPU.Build.0 = Debug|Any CPU
		{7F7C39D4-0F36-4CB9-8AD3-3C482108C1B9}.Release|Any CPU.ActiveCfg = Release|Any CPU
		{7F7C39D4-0F36-4CB9-8AD3-3C482108C1B9}.Release|Any CPU.Build.0 = Release|Any CPU
		{59AD2E65-C0E0-4DA6-A652-47D19B6CAECB}.Debug|Any CPU.ActiveCfg = Debug|Any CPU
		{59AD2E65-C0E0-4DA6-A652-47D19B6CAECB}.Debug|Any CPU.Build.0 = Debug|Any CPU
		{59AD2E65-C0E0-4DA6-A652-47D19B6CAECB}.Release|Any CPU.ActiveCfg = Release|Any CPU
		{59AD2E65-C0E0-4DA6-A652-47D19B6CAECB}.Release|Any CPU.Build.0 = Release|Any CPU
		{E5D512BF-84A1-4978-98EA-AA42E90DB86F}.Debug|Any CPU.ActiveCfg = Debug|Any CPU
		{E5D512BF-84A1-4978-98EA-AA42E90DB86F}.Debug|Any CPU.Build.0 = Debug|Any CPU
		{E5D512BF-84A1-4978-98EA-AA42E90DB86F}.Release|Any CPU.ActiveCfg = Release|Any CPU
		{E5D512BF-84A1-4978-98EA-AA42E90DB86F}.Release|Any CPU.Build.0 = Release|Any CPU
		{6F241B1B-1367-46CE-8461-8AA2CCAAED5E}.Debug|Any CPU.ActiveCfg = Debug|Any CPU
		{6F241B1B-1367-46CE-8461-8AA2CCAAED5E}.Debug|Any CPU.Build.0 = Debug|Any CPU
		{6F241B1B-1367-46CE-8461-8AA2CCAAED5E}.Release|Any CPU.ActiveCfg = Release|Any CPU
		{6F241B1B-1367-46CE-8461-8AA2CCAAED5E}.Release|Any CPU.Build.0 = Release|Any CPU
		{9C79643D-AE2E-46C5-9B78-A9DF72E4FFF3}.Debug|Any CPU.ActiveCfg = Debug|Any CPU
		{9C79643D-AE2E-46C5-9B78-A9DF72E4FFF3}.Debug|Any CPU.Build.0 = Debug|Any CPU
		{9C79643D-AE2E-46C5-9B78-A9DF72E4FFF3}.Release|Any CPU.ActiveCfg = Release|Any CPU
		{9C79643D-AE2E-46C5-9B78-A9DF72E4FFF3}.Release|Any CPU.Build.0 = Release|Any CPU
		{77F84093-15C5-4734-A6CC-6219C9875410}.Debug|Any CPU.ActiveCfg = Debug|Any CPU
		{77F84093-15C5-4734-A6CC-6219C9875410}.Debug|Any CPU.Build.0 = Debug|Any CPU
		{77F84093-15C5-4734-A6CC-6219C9875410}.Release|Any CPU.ActiveCfg = Release|Any CPU
		{77F84093-15C5-4734-A6CC-6219C9875410}.Release|Any CPU.Build.0 = Release|Any CPU
		{BA1A0216-D980-40F7-BAD8-41B120C85D2C}.Debug|Any CPU.ActiveCfg = Debug|Any CPU
		{BA1A0216-D980-40F7-BAD8-41B120C85D2C}.Debug|Any CPU.Build.0 = Debug|Any CPU
		{BA1A0216-D980-40F7-BAD8-41B120C85D2C}.Release|Any CPU.ActiveCfg = Release|Any CPU
		{BA1A0216-D980-40F7-BAD8-41B120C85D2C}.Release|Any CPU.Build.0 = Release|Any CPU
		{875E1F4C-09E5-4F92-A2EE-15C3ED23132E}.Debug|Any CPU.ActiveCfg = Debug|Any CPU
		{875E1F4C-09E5-4F92-A2EE-15C3ED23132E}.Debug|Any CPU.Build.0 = Debug|Any CPU
		{875E1F4C-09E5-4F92-A2EE-15C3ED23132E}.Release|Any CPU.ActiveCfg = Release|Any CPU
		{875E1F4C-09E5-4F92-A2EE-15C3ED23132E}.Release|Any CPU.Build.0 = Release|Any CPU
		{51154FC0-35D4-4E80-97E1-F241A99362BA}.Debug|Any CPU.ActiveCfg = Debug|Any CPU
		{51154FC0-35D4-4E80-97E1-F241A99362BA}.Debug|Any CPU.Build.0 = Debug|Any CPU
		{51154FC0-35D4-4E80-97E1-F241A99362BA}.Release|Any CPU.ActiveCfg = Release|Any CPU
		{51154FC0-35D4-4E80-97E1-F241A99362BA}.Release|Any CPU.Build.0 = Release|Any CPU
		{C0D38A7D-3449-4013-9472-C05DC548882E}.Debug|Any CPU.ActiveCfg = Debug|Any CPU
		{C0D38A7D-3449-4013-9472-C05DC548882E}.Debug|Any CPU.Build.0 = Debug|Any CPU
		{C0D38A7D-3449-4013-9472-C05DC548882E}.Release|Any CPU.ActiveCfg = Release|Any CPU
		{C0D38A7D-3449-4013-9472-C05DC548882E}.Release|Any CPU.Build.0 = Release|Any CPU
		{F9EB0492-A17E-4A67-8CC1-48A6ED261D77}.Debug|Any CPU.ActiveCfg = Debug|Any CPU
		{F9EB0492-A17E-4A67-8CC1-48A6ED261D77}.Debug|Any CPU.Build.0 = Debug|Any CPU
		{F9EB0492-A17E-4A67-8CC1-48A6ED261D77}.Release|Any CPU.ActiveCfg = Release|Any CPU
		{F9EB0492-A17E-4A67-8CC1-48A6ED261D77}.Release|Any CPU.Build.0 = Release|Any CPU
		{44BA673E-07B5-427E-93E2-5531D7272B40}.Debug|Any CPU.ActiveCfg = Debug|Any CPU
		{44BA673E-07B5-427E-93E2-5531D7272B40}.Debug|Any CPU.Build.0 = Debug|Any CPU
		{44BA673E-07B5-427E-93E2-5531D7272B40}.Release|Any CPU.ActiveCfg = Release|Any CPU
		{44BA673E-07B5-427E-93E2-5531D7272B40}.Release|Any CPU.Build.0 = Release|Any CPU
		{015F9CEE-3FDA-492A-8269-7629724A47DD}.Debug|Any CPU.ActiveCfg = Debug|Any CPU
		{015F9CEE-3FDA-492A-8269-7629724A47DD}.Debug|Any CPU.Build.0 = Debug|Any CPU
		{015F9CEE-3FDA-492A-8269-7629724A47DD}.Release|Any CPU.ActiveCfg = Release|Any CPU
		{015F9CEE-3FDA-492A-8269-7629724A47DD}.Release|Any CPU.Build.0 = Release|Any CPU
		{A4C440AD-1E1B-48C6-AFEA-36765FE76F21}.Debug|Any CPU.ActiveCfg = Debug|Any CPU
		{A4C440AD-1E1B-48C6-AFEA-36765FE76F21}.Debug|Any CPU.Build.0 = Debug|Any CPU
		{A4C440AD-1E1B-48C6-AFEA-36765FE76F21}.Release|Any CPU.ActiveCfg = Release|Any CPU
		{A4C440AD-1E1B-48C6-AFEA-36765FE76F21}.Release|Any CPU.Build.0 = Release|Any CPU
		{19EFD74A-2C29-48CE-82D2-065F3BA64710}.Debug|Any CPU.ActiveCfg = Debug|Any CPU
		{19EFD74A-2C29-48CE-82D2-065F3BA64710}.Debug|Any CPU.Build.0 = Debug|Any CPU
		{19EFD74A-2C29-48CE-82D2-065F3BA64710}.Release|Any CPU.ActiveCfg = Release|Any CPU
		{19EFD74A-2C29-48CE-82D2-065F3BA64710}.Release|Any CPU.Build.0 = Release|Any CPU
		{4F658851-1D0A-42BE-962A-C9EA479C5283}.Debug|Any CPU.ActiveCfg = Debug|Any CPU
		{4F658851-1D0A-42BE-962A-C9EA479C5283}.Debug|Any CPU.Build.0 = Debug|Any CPU
		{4F658851-1D0A-42BE-962A-C9EA479C5283}.Release|Any CPU.ActiveCfg = Release|Any CPU
		{4F658851-1D0A-42BE-962A-C9EA479C5283}.Release|Any CPU.Build.0 = Release|Any CPU
		{8522D40D-E46F-4B83-AB47-84FA62471D1A}.Debug|Any CPU.ActiveCfg = Debug|Any CPU
		{8522D40D-E46F-4B83-AB47-84FA62471D1A}.Debug|Any CPU.Build.0 = Debug|Any CPU
		{8522D40D-E46F-4B83-AB47-84FA62471D1A}.Release|Any CPU.ActiveCfg = Release|Any CPU
		{8522D40D-E46F-4B83-AB47-84FA62471D1A}.Release|Any CPU.Build.0 = Release|Any CPU
		{B1152503-ADF2-4036-A278-A67A59A1D1B5}.Debug|Any CPU.ActiveCfg = Debug|Any CPU
		{B1152503-ADF2-4036-A278-A67A59A1D1B5}.Debug|Any CPU.Build.0 = Debug|Any CPU
		{B1152503-ADF2-4036-A278-A67A59A1D1B5}.Release|Any CPU.ActiveCfg = Release|Any CPU
		{B1152503-ADF2-4036-A278-A67A59A1D1B5}.Release|Any CPU.Build.0 = Release|Any CPU
		{EC1485F5-E5BF-47FB-A9D1-CEABD2A199E2}.Debug|Any CPU.ActiveCfg = Debug|Any CPU
		{EC1485F5-E5BF-47FB-A9D1-CEABD2A199E2}.Debug|Any CPU.Build.0 = Debug|Any CPU
		{EC1485F5-E5BF-47FB-A9D1-CEABD2A199E2}.Release|Any CPU.ActiveCfg = Release|Any CPU
		{EC1485F5-E5BF-47FB-A9D1-CEABD2A199E2}.Release|Any CPU.Build.0 = Release|Any CPU
		{09F40DD1-F737-4E87-A2AA-6E4F43F59603}.Debug|Any CPU.ActiveCfg = Debug|Any CPU
		{09F40DD1-F737-4E87-A2AA-6E4F43F59603}.Debug|Any CPU.Build.0 = Debug|Any CPU
		{09F40DD1-F737-4E87-A2AA-6E4F43F59603}.Release|Any CPU.ActiveCfg = Release|Any CPU
		{09F40DD1-F737-4E87-A2AA-6E4F43F59603}.Release|Any CPU.Build.0 = Release|Any CPU
		{5D77C920-7E0A-4C94-B468-D053D8B6BB68}.Debug|Any CPU.ActiveCfg = Debug|Any CPU
		{5D77C920-7E0A-4C94-B468-D053D8B6BB68}.Debug|Any CPU.Build.0 = Debug|Any CPU
		{5D77C920-7E0A-4C94-B468-D053D8B6BB68}.Release|Any CPU.ActiveCfg = Release|Any CPU
		{5D77C920-7E0A-4C94-B468-D053D8B6BB68}.Release|Any CPU.Build.0 = Release|Any CPU
		{4ABEF47A-D669-469E-A9CA-7C9E6788F991}.Debug|Any CPU.ActiveCfg = Debug|Any CPU
		{4ABEF47A-D669-469E-A9CA-7C9E6788F991}.Debug|Any CPU.Build.0 = Debug|Any CPU
		{4ABEF47A-D669-469E-A9CA-7C9E6788F991}.Release|Any CPU.ActiveCfg = Release|Any CPU
		{4ABEF47A-D669-469E-A9CA-7C9E6788F991}.Release|Any CPU.Build.0 = Release|Any CPU
		{BACA9C5E-2F2B-427E-AEE9-D71083A6F879}.Debug|Any CPU.ActiveCfg = Debug|Any CPU
		{BACA9C5E-2F2B-427E-AEE9-D71083A6F879}.Debug|Any CPU.Build.0 = Debug|Any CPU
		{BACA9C5E-2F2B-427E-AEE9-D71083A6F879}.Release|Any CPU.ActiveCfg = Release|Any CPU
		{BACA9C5E-2F2B-427E-AEE9-D71083A6F879}.Release|Any CPU.Build.0 = Release|Any CPU
		{07AF22DC-5081-4461-AF2D-52EB467AE231}.Debug|Any CPU.ActiveCfg = Debug|Any CPU
		{07AF22DC-5081-4461-AF2D-52EB467AE231}.Debug|Any CPU.Build.0 = Debug|Any CPU
		{07AF22DC-5081-4461-AF2D-52EB467AE231}.Release|Any CPU.ActiveCfg = Release|Any CPU
		{07AF22DC-5081-4461-AF2D-52EB467AE231}.Release|Any CPU.Build.0 = Release|Any CPU
		{E3FF7F66-0FBB-4D8D-82B3-E6F9825E5FCA}.Debug|Any CPU.ActiveCfg = Debug|Any CPU
		{E3FF7F66-0FBB-4D8D-82B3-E6F9825E5FCA}.Debug|Any CPU.Build.0 = Debug|Any CPU
		{E3FF7F66-0FBB-4D8D-82B3-E6F9825E5FCA}.Release|Any CPU.ActiveCfg = Release|Any CPU
		{E3FF7F66-0FBB-4D8D-82B3-E6F9825E5FCA}.Release|Any CPU.Build.0 = Release|Any CPU
		{6EA18E5B-A855-421A-B000-6663D15D9A26}.Debug|Any CPU.ActiveCfg = Debug|Any CPU
		{6EA18E5B-A855-421A-B000-6663D15D9A26}.Debug|Any CPU.Build.0 = Debug|Any CPU
		{6EA18E5B-A855-421A-B000-6663D15D9A26}.Release|Any CPU.ActiveCfg = Release|Any CPU
		{6EA18E5B-A855-421A-B000-6663D15D9A26}.Release|Any CPU.Build.0 = Release|Any CPU
		{DF0C136A-9AD4-4368-B22E-115137366EE8}.Debug|Any CPU.ActiveCfg = Debug|Any CPU
		{DF0C136A-9AD4-4368-B22E-115137366EE8}.Debug|Any CPU.Build.0 = Debug|Any CPU
		{DF0C136A-9AD4-4368-B22E-115137366EE8}.Release|Any CPU.ActiveCfg = Release|Any CPU
		{DF0C136A-9AD4-4368-B22E-115137366EE8}.Release|Any CPU.Build.0 = Release|Any CPU
		{C24518DD-09C1-4E95-97E9-979E207B9F9A}.Debug|Any CPU.ActiveCfg = Debug|Any CPU
		{C24518DD-09C1-4E95-97E9-979E207B9F9A}.Debug|Any CPU.Build.0 = Debug|Any CPU
		{C24518DD-09C1-4E95-97E9-979E207B9F9A}.Release|Any CPU.ActiveCfg = Release|Any CPU
		{C24518DD-09C1-4E95-97E9-979E207B9F9A}.Release|Any CPU.Build.0 = Release|Any CPU
		{F81FE11B-83CA-46DF-AD60-2A5AEB462CA5}.Debug|Any CPU.ActiveCfg = Debug|Any CPU
		{F81FE11B-83CA-46DF-AD60-2A5AEB462CA5}.Debug|Any CPU.Build.0 = Debug|Any CPU
		{F81FE11B-83CA-46DF-AD60-2A5AEB462CA5}.Release|Any CPU.ActiveCfg = Release|Any CPU
		{F81FE11B-83CA-46DF-AD60-2A5AEB462CA5}.Release|Any CPU.Build.0 = Release|Any CPU
		{72734F41-FD20-4F02-9989-6294E7F15022}.Debug|Any CPU.ActiveCfg = Debug|Any CPU
		{72734F41-FD20-4F02-9989-6294E7F15022}.Debug|Any CPU.Build.0 = Debug|Any CPU
		{72734F41-FD20-4F02-9989-6294E7F15022}.Release|Any CPU.ActiveCfg = Release|Any CPU
		{72734F41-FD20-4F02-9989-6294E7F15022}.Release|Any CPU.Build.0 = Release|Any CPU
		{7D0CF52F-EDA2-4E2A-9630-9E2C0D1CC126}.Debug|Any CPU.ActiveCfg = Debug|Any CPU
		{7D0CF52F-EDA2-4E2A-9630-9E2C0D1CC126}.Debug|Any CPU.Build.0 = Debug|Any CPU
		{7D0CF52F-EDA2-4E2A-9630-9E2C0D1CC126}.Release|Any CPU.ActiveCfg = Release|Any CPU
		{7D0CF52F-EDA2-4E2A-9630-9E2C0D1CC126}.Release|Any CPU.Build.0 = Release|Any CPU
		{8D2B8713-E444-491F-A8EE-B8952CFB0EC1}.Debug|Any CPU.ActiveCfg = Debug|Any CPU
		{8D2B8713-E444-491F-A8EE-B8952CFB0EC1}.Debug|Any CPU.Build.0 = Debug|Any CPU
		{8D2B8713-E444-491F-A8EE-B8952CFB0EC1}.Release|Any CPU.ActiveCfg = Release|Any CPU
		{8D2B8713-E444-491F-A8EE-B8952CFB0EC1}.Release|Any CPU.Build.0 = Release|Any CPU
		{0C590AB5-F8E1-408F-8DAE-364FF01B0764}.Debug|Any CPU.ActiveCfg = Debug|Any CPU
		{0C590AB5-F8E1-408F-8DAE-364FF01B0764}.Debug|Any CPU.Build.0 = Debug|Any CPU
		{0C590AB5-F8E1-408F-8DAE-364FF01B0764}.Release|Any CPU.ActiveCfg = Release|Any CPU
		{0C590AB5-F8E1-408F-8DAE-364FF01B0764}.Release|Any CPU.Build.0 = Release|Any CPU
		{F77A0CA2-B9D3-498C-BE5E-F52AA9CC4BD3}.Debug|Any CPU.ActiveCfg = Debug|Any CPU
		{F77A0CA2-B9D3-498C-BE5E-F52AA9CC4BD3}.Debug|Any CPU.Build.0 = Debug|Any CPU
		{F77A0CA2-B9D3-498C-BE5E-F52AA9CC4BD3}.Release|Any CPU.ActiveCfg = Release|Any CPU
		{F77A0CA2-B9D3-498C-BE5E-F52AA9CC4BD3}.Release|Any CPU.Build.0 = Release|Any CPU
		{821A013D-927B-4DA3-90C9-68B95D52EA27}.Debug|Any CPU.ActiveCfg = Debug|Any CPU
		{821A013D-927B-4DA3-90C9-68B95D52EA27}.Debug|Any CPU.Build.0 = Debug|Any CPU
		{821A013D-927B-4DA3-90C9-68B95D52EA27}.Release|Any CPU.ActiveCfg = Release|Any CPU
		{821A013D-927B-4DA3-90C9-68B95D52EA27}.Release|Any CPU.Build.0 = Release|Any CPU
		{FCB519E4-E40A-45EE-A69D-1FE7EEB4C39D}.Debug|Any CPU.ActiveCfg = Debug|Any CPU
		{FCB519E4-E40A-45EE-A69D-1FE7EEB4C39D}.Debug|Any CPU.Build.0 = Debug|Any CPU
		{FCB519E4-E40A-45EE-A69D-1FE7EEB4C39D}.Release|Any CPU.ActiveCfg = Release|Any CPU
		{FCB519E4-E40A-45EE-A69D-1FE7EEB4C39D}.Release|Any CPU.Build.0 = Release|Any CPU
		{532CAD48-C8DF-424D-86F1-571BA95FA47E}.Debug|Any CPU.ActiveCfg = Debug|Any CPU
		{532CAD48-C8DF-424D-86F1-571BA95FA47E}.Debug|Any CPU.Build.0 = Debug|Any CPU
		{532CAD48-C8DF-424D-86F1-571BA95FA47E}.Release|Any CPU.ActiveCfg = Release|Any CPU
		{532CAD48-C8DF-424D-86F1-571BA95FA47E}.Release|Any CPU.Build.0 = Release|Any CPU
		{AB41D38D-8AE5-4757-BE35-272DD32FD9FE}.Debug|Any CPU.ActiveCfg = Debug|Any CPU
		{AB41D38D-8AE5-4757-BE35-272DD32FD9FE}.Debug|Any CPU.Build.0 = Debug|Any CPU
		{AB41D38D-8AE5-4757-BE35-272DD32FD9FE}.Release|Any CPU.ActiveCfg = Release|Any CPU
		{AB41D38D-8AE5-4757-BE35-272DD32FD9FE}.Release|Any CPU.Build.0 = Release|Any CPU
		{AB031B5B-15C0-4BA9-B9D4-B92C840E19EF}.Debug|Any CPU.ActiveCfg = Debug|Any CPU
		{AB031B5B-15C0-4BA9-B9D4-B92C840E19EF}.Debug|Any CPU.Build.0 = Debug|Any CPU
		{AB031B5B-15C0-4BA9-B9D4-B92C840E19EF}.Release|Any CPU.ActiveCfg = Release|Any CPU
		{AB031B5B-15C0-4BA9-B9D4-B92C840E19EF}.Release|Any CPU.Build.0 = Release|Any CPU
		{1FD401DA-CD83-4F66-AD89-C73CC23912C0}.Debug|Any CPU.ActiveCfg = Debug|Any CPU
		{1FD401DA-CD83-4F66-AD89-C73CC23912C0}.Debug|Any CPU.Build.0 = Debug|Any CPU
		{1FD401DA-CD83-4F66-AD89-C73CC23912C0}.Release|Any CPU.ActiveCfg = Release|Any CPU
		{1FD401DA-CD83-4F66-AD89-C73CC23912C0}.Release|Any CPU.Build.0 = Release|Any CPU
		{C1F3A3EE-E1FF-4E0F-984A-77672310ABB3}.Debug|Any CPU.ActiveCfg = Debug|Any CPU
		{C1F3A3EE-E1FF-4E0F-984A-77672310ABB3}.Debug|Any CPU.Build.0 = Debug|Any CPU
		{C1F3A3EE-E1FF-4E0F-984A-77672310ABB3}.Release|Any CPU.ActiveCfg = Release|Any CPU
		{C1F3A3EE-E1FF-4E0F-984A-77672310ABB3}.Release|Any CPU.Build.0 = Release|Any CPU
	EndGlobalSection
	GlobalSection(SolutionProperties) = preSolution
		HideSolutionNode = FALSE
	EndGlobalSection
	GlobalSection(NestedProjects) = preSolution
		{69A2E70E-8829-4527-9129-1D7B8485E8E2} = {E20C65F4-7635-473F-A58C-3999D09229E1}
		{3362FE72-399C-458B-9316-0DFC0F681A63} = {69A2E70E-8829-4527-9129-1D7B8485E8E2}
		{BC35A2AF-146E-45FB-9064-4F9ABB60C526} = {69A2E70E-8829-4527-9129-1D7B8485E8E2}
		{7F7C39D4-0F36-4CB9-8AD3-3C482108C1B9} = {BC35A2AF-146E-45FB-9064-4F9ABB60C526}
		{59AD2E65-C0E0-4DA6-A652-47D19B6CAECB} = {3362FE72-399C-458B-9316-0DFC0F681A63}
		{E5D512BF-84A1-4978-98EA-AA42E90DB86F} = {D8A04403-681D-414A-8154-C511B09E90C1}
		{6F241B1B-1367-46CE-8461-8AA2CCAAED5E} = {D8A04403-681D-414A-8154-C511B09E90C1}
		{9C79643D-AE2E-46C5-9B78-A9DF72E4FFF3} = {D8A04403-681D-414A-8154-C511B09E90C1}
		{77F84093-15C5-4734-A6CC-6219C9875410} = {D8A04403-681D-414A-8154-C511B09E90C1}
		{BA1A0216-D980-40F7-BAD8-41B120C85D2C} = {1FC162E0-D013-4908-A165-00A617D53388}
		{9F458432-A74A-43E6-8E79-3CAFFA8D0928} = {ABB73858-F8F5-45F0-BD9B-CEE70B35D68A}
		{ABEBDD35-5EDD-441D-A8D2-75DD74BC0A86} = {ABB73858-F8F5-45F0-BD9B-CEE70B35D68A}
		{875E1F4C-09E5-4F92-A2EE-15C3ED23132E} = {9F458432-A74A-43E6-8E79-3CAFFA8D0928}
		{51154FC0-35D4-4E80-97E1-F241A99362BA} = {ABEBDD35-5EDD-441D-A8D2-75DD74BC0A86}
		{C0D38A7D-3449-4013-9472-C05DC548882E} = {1FC162E0-D013-4908-A165-00A617D53388}
		{E20C65F4-7635-473F-A58C-3999D09229E1} = {3AC35D40-9671-4226-BBCF-E0835CEF6E4B}
		{C1B8C6A0-ECF8-487C-8D8C-CCD138781110} = {E20C65F4-7635-473F-A58C-3999D09229E1}
		{F9EB0492-A17E-4A67-8CC1-48A6ED261D77} = {C1B8C6A0-ECF8-487C-8D8C-CCD138781110}
		{74BE25DC-08AF-48F7-AA5B-8B5EBDA6D345} = {D8A04403-681D-414A-8154-C511B09E90C1}
		{44BA673E-07B5-427E-93E2-5531D7272B40} = {74BE25DC-08AF-48F7-AA5B-8B5EBDA6D345}
		{015F9CEE-3FDA-492A-8269-7629724A47DD} = {74BE25DC-08AF-48F7-AA5B-8B5EBDA6D345}
		{A4C440AD-1E1B-48C6-AFEA-36765FE76F21} = {ABB73858-F8F5-45F0-BD9B-CEE70B35D68A}
		{19EFD74A-2C29-48CE-82D2-065F3BA64710} = {D8A04403-681D-414A-8154-C511B09E90C1}
		{4F658851-1D0A-42BE-962A-C9EA479C5283} = {ABB73858-F8F5-45F0-BD9B-CEE70B35D68A}
		{8522D40D-E46F-4B83-AB47-84FA62471D1A} = {C1B8C6A0-ECF8-487C-8D8C-CCD138781110}
		{B1152503-ADF2-4036-A278-A67A59A1D1B5} = {3362FE72-399C-458B-9316-0DFC0F681A63}
		{10E120BB-6E06-43DE-871C-D716BC4C77F7} = {69A2E70E-8829-4527-9129-1D7B8485E8E2}
		{EC1485F5-E5BF-47FB-A9D1-CEABD2A199E2} = {10E120BB-6E06-43DE-871C-D716BC4C77F7}
		{09F40DD1-F737-4E87-A2AA-6E4F43F59603} = {10E120BB-6E06-43DE-871C-D716BC4C77F7}
		{5D77C920-7E0A-4C94-B468-D053D8B6BB68} = {BC35A2AF-146E-45FB-9064-4F9ABB60C526}
		{3A273123-EBA2-4E9A-960C-C2F938C4089F} = {69A2E70E-8829-4527-9129-1D7B8485E8E2}
		{4ABEF47A-D669-469E-A9CA-7C9E6788F991} = {3A273123-EBA2-4E9A-960C-C2F938C4089F}
		{BACA9C5E-2F2B-427E-AEE9-D71083A6F879} = {3A273123-EBA2-4E9A-960C-C2F938C4089F}
		{E0749118-AF42-488C-9C06-378DAE157356} = {69A2E70E-8829-4527-9129-1D7B8485E8E2}
		{07AF22DC-5081-4461-AF2D-52EB467AE231} = {E0749118-AF42-488C-9C06-378DAE157356}
		{E3FF7F66-0FBB-4D8D-82B3-E6F9825E5FCA} = {E0749118-AF42-488C-9C06-378DAE157356}
		{EBACFB7E-B83A-4946-A37F-8367DA7BBC0F} = {69A2E70E-8829-4527-9129-1D7B8485E8E2}
		{6EA18E5B-A855-421A-B000-6663D15D9A26} = {EBACFB7E-B83A-4946-A37F-8367DA7BBC0F}
		{DF0C136A-9AD4-4368-B22E-115137366EE8} = {EBACFB7E-B83A-4946-A37F-8367DA7BBC0F}
		{0944E6D4-F611-4C8A-A98B-74B3C8FB2875} = {69A2E70E-8829-4527-9129-1D7B8485E8E2}
		{C24518DD-09C1-4E95-97E9-979E207B9F9A} = {0944E6D4-F611-4C8A-A98B-74B3C8FB2875}
		{F81FE11B-83CA-46DF-AD60-2A5AEB462CA5} = {0944E6D4-F611-4C8A-A98B-74B3C8FB2875}
		{72734F41-FD20-4F02-9989-6294E7F15022} = {ABB73858-F8F5-45F0-BD9B-CEE70B35D68A}
		{0DD20328-9945-48FD-9ED9-6E2A26B6F705} = {69A2E70E-8829-4527-9129-1D7B8485E8E2}
		{7D0CF52F-EDA2-4E2A-9630-9E2C0D1CC126} = {0DD20328-9945-48FD-9ED9-6E2A26B6F705}
		{8D2B8713-E444-491F-A8EE-B8952CFB0EC1} = {0DD20328-9945-48FD-9ED9-6E2A26B6F705}
		{B6068826-5AED-410F-8E01-2521726277A7} = {8B62387B-DCF5-4C5D-AEF2-0AB2936533F1}
		{0C590AB5-F8E1-408F-8DAE-364FF01B0764} = {B6068826-5AED-410F-8E01-2521726277A7}
		{2BD49E31-43C3-413E-A5CA-7FDABE881BFD} = {8B62387B-DCF5-4C5D-AEF2-0AB2936533F1}
		{C1F22C76-6E4F-46EF-A086-18484A875036} = {2BD49E31-43C3-413E-A5CA-7FDABE881BFD}
		{F77A0CA2-B9D3-498C-BE5E-F52AA9CC4BD3} = {C1F22C76-6E4F-46EF-A086-18484A875036}
		{FC187A9D-70E1-454B-9C22-44571F22518E} = {2BD49E31-43C3-413E-A5CA-7FDABE881BFD}
		{821A013D-927B-4DA3-90C9-68B95D52EA27} = {FC187A9D-70E1-454B-9C22-44571F22518E}
		{4CEB9812-89FC-439A-9CC1-C62190CD7F14} = {2BD49E31-43C3-413E-A5CA-7FDABE881BFD}
		{FCB519E4-E40A-45EE-A69D-1FE7EEB4C39D} = {4CEB9812-89FC-439A-9CC1-C62190CD7F14}
		{CD48D5F3-0816-4169-873A-40FDB9736770} = {2BD49E31-43C3-413E-A5CA-7FDABE881BFD}
		{532CAD48-C8DF-424D-86F1-571BA95FA47E} = {CD48D5F3-0816-4169-873A-40FDB9736770}
		{6BFDBDEF-61F1-44F2-8C0E-29DE883B4800} = {2BD49E31-43C3-413E-A5CA-7FDABE881BFD}
		{AB41D38D-8AE5-4757-BE35-272DD32FD9FE} = {6BFDBDEF-61F1-44F2-8C0E-29DE883B4800}
		{112694C1-C3B7-4CDB-BF4E-DC1E1FDD63D8} = {2BD49E31-43C3-413E-A5CA-7FDABE881BFD}
		{D95B3A3B-5D31-49D1-9E34-F4551A78FA01} = {2BD49E31-43C3-413E-A5CA-7FDABE881BFD}
		{AB031B5B-15C0-4BA9-B9D4-B92C840E19EF} = {D95B3A3B-5D31-49D1-9E34-F4551A78FA01}
		{6AC3B290-978D-4497-91FF-9870757481E3} = {2BD49E31-43C3-413E-A5CA-7FDABE881BFD}
		{1FD401DA-CD83-4F66-AD89-C73CC23912C0} = {6AC3B290-978D-4497-91FF-9870757481E3}
		{C1F3A3EE-E1FF-4E0F-984A-77672310ABB3} = {112694C1-C3B7-4CDB-BF4E-DC1E1FDD63D8}
	EndGlobalSection
	GlobalSection(ExtensibilityGlobals) = postSolution
		SolutionGuid = {0613BAB2-BA04-4550-8868-8E3969E01870}
	EndGlobalSection
EndGlobal
